{
  "pins" : [
    {
      "identity" : "flatbuffers",
      "kind" : "remoteSourceControl",
      "location" : "https://github.com/mustiikhalil/flatbuffers",
      "state" : {
        "revision" : "d1bad799d82545f3ab70e6baa86e714927eb4a84",
        "version" : "0.8.1"
      }
    },
    {
      "identity" : "grdb.swift",
      "kind" : "remoteSourceControl",
      "location" : "https://github.com/groue/GRDB.swift.git",
      "state" : {
        "revision" : "2cf6c756e1e5ef6901ebae16576a7e4e4b834622",
        "version" : "6.29.3"
      }
    },
    {
      "identity" : "swiftybeaver",
      "kind" : "remoteSourceControl",
      "location" : "https://github.com/SwiftyBeaver/SwiftyBeaver",
      "state" : {
        "revision" : "8cba041db09596183331d123f337d0eb2e6e8e91",
        "version" : "2.1.1"
      }
    },
    {
      "identity" : "upsurge",
      "kind" : "remoteSourceControl",
      "location" : "https://github.com/alejandro-isaza/Upsurge.git",
      "state" : {
        "revision" : "66c66253ab0d1a0988a6efb68f49629cf3e06a84",
        "version" : "0.11.0"
      }
    }
  ],
  "version" : 2
}
